
Microsoft Visual Studio Solution File, Format Version 12.00
# Visual Studio 15
VisualStudioVersion = 15.0.27004.2006
MinimumVisualStudioVersion = 10.0.40219.1
Project("{FAE04EC0-301F-11D3-BF4B-00C04F79EFBC}") = "Driver", "Driver\Driver.csproj", "{429B91E7-E268-4796-86BC-359814A8BFE9}"
	ProjectSection(ProjectDependencies) = postProject
		{E7455BD0-3844-4F0C-AC71-B79AEDE6BDDA} = {E7455BD0-3844-4F0C-AC71-B79AEDE6BDDA}
	EndProjectSection
EndProject
Project("{FAE04EC0-301F-11D3-BF4B-00C04F79EFBC}") = "BuildScript", "BuildScript\BuildScript.csproj", "{E7455BD0-3844-4F0C-AC71-B79AEDE6BDDA}"
EndProject
Project("{FAE04EC0-301F-11D3-BF4B-00C04F79EFBC}") = "Function", "Function\Function.csproj", "{89E534C3-5D71-4F14-A5E5-FF1BD9992357}"
	ProjectSection(ProjectDependencies) = postProject
		{E7455BD0-3844-4F0C-AC71-B79AEDE6BDDA} = {E7455BD0-3844-4F0C-AC71-B79AEDE6BDDA}
	EndProjectSection
EndProject
Project("{2150E333-8FDC-42A3-9474-1A3956D46DE8}") = "Document", "Document", "{6523EAC7-D32E-4E2B-9E01-3915EA0733C8}"
	ProjectSection(SolutionItems) = preProject
		LICENSE = LICENSE
		README.md = README.md
		Specification.md = Specification.md
	EndProjectSection
EndProject
Global
	GlobalSection(SolutionConfigurationPlatforms) = preSolution
		Debug|Any CPU = Debug|Any CPU
		Release|Any CPU = Release|Any CPU
	EndGlobalSection
	GlobalSection(ProjectConfigurationPlatforms) = postSolution
		{429B91E7-E268-4796-86BC-359814A8BFE9}.Debug|Any CPU.ActiveCfg = Debug|Any CPU
		{429B91E7-E268-4796-86BC-359814A8BFE9}.Debug|Any CPU.Build.0 = Debug|Any CPU
		{429B91E7-E268-4796-86BC-359814A8BFE9}.Release|Any CPU.ActiveCfg = Release|Any CPU
		{429B91E7-E268-4796-86BC-359814A8BFE9}.Release|Any CPU.Build.0 = Release|Any CPU
		{E7455BD0-3844-4F0C-AC71-B79AEDE6BDDA}.Debug|Any CPU.ActiveCfg = Debug|Any CPU
		{E7455BD0-3844-4F0C-AC71-B79AEDE6BDDA}.Debug|Any CPU.Build.0 = Debug|Any CPU
		{E7455BD0-3844-4F0C-AC71-B79AEDE6BDDA}.Release|Any CPU.ActiveCfg = Release|Any CPU
		{E7455BD0-3844-4F0C-AC71-B79AEDE6BDDA}.Release|Any CPU.Build.0 = Release|Any CPU
		{89E534C3-5D71-4F14-A5E5-FF1BD9992357}.Debug|Any CPU.ActiveCfg = Debug|Any CPU
		{89E534C3-5D71-4F14-A5E5-FF1BD9992357}.Debug|Any CPU.Build.0 = Debug|Any CPU
		{89E534C3-5D71-4F14-A5E5-FF1BD9992357}.Release|Any CPU.ActiveCfg = Release|Any CPU
		{89E534C3-5D71-4F14-A5E5-FF1BD9992357}.Release|Any CPU.Build.0 = Release|Any CPU
	EndGlobalSection
	GlobalSection(SolutionProperties) = preSolution
		HideSolutionNode = FALSE
	EndGlobalSection
	GlobalSection(ExtensibilityGlobals) = postSolution
		SolutionGuid = {5C04E515-1A3C-411B-8139-16633E16F5D9}
	EndGlobalSection
EndGlobal
